// !$*UTF8*$!
{
	archiveVersion = 1;
	classes = {
	};
	objectVersion = 46;
	objects = {

/* Begin PBXBuildFile section */
		E4700CC11AFB098800E65085 /* AppDelegate.swift in Sources */ = {isa = PBXBuildFile; fileRef = E4700CC01AFB098800E65085 /* AppDelegate.swift */; };
		E4700CC31AFB098800E65085 /* ViewController.swift in Sources */ = {isa = PBXBuildFile; fileRef = E4700CC21AFB098800E65085 /* ViewController.swift */; };
		E4700CC61AFB098800E65085 /* Main.storyboard in Resources */ = {isa = PBXBuildFile; fileRef = E4700CC41AFB098800E65085 /* Main.storyboard */; };
		E4700CC81AFB098800E65085 /* Images.xcassets in Resources */ = {isa = PBXBuildFile; fileRef = E4700CC71AFB098800E65085 /* Images.xcassets */; };
		E4700CCB1AFB098800E65085 /* LaunchScreen.xib in Resources */ = {isa = PBXBuildFile; fileRef = E4700CC91AFB098800E65085 /* LaunchScreen.xib */; };
		E4700CD71AFB098800E65085 /* UIXOverlayControllerSwiftTests.swift in Sources */ = {isa = PBXBuildFile; fileRef = E4700CD61AFB098800E65085 /* UIXOverlayControllerSwiftTests.swift */; };
		E4700CE11AFB0AFB00E65085 /* UIXOverlayController.swift in Sources */ = {isa = PBXBuildFile; fileRef = E4700CE01AFB0AFB00E65085 /* UIXOverlayController.swift */; };
		E4700D151AFBEEE800E65085 /* DialogContent.xib in Resources */ = {isa = PBXBuildFile; fileRef = E4700D141AFBEEE800E65085 /* DialogContent.xib */; };
		E4700D171AFBEF5000E65085 /* DialogContentController.swift in Sources */ = {isa = PBXBuildFile; fileRef = E4700D161AFBEF5000E65085 /* DialogContentController.swift */; };
/* End PBXBuildFile section */

/* Begin PBXContainerItemProxy section */
		E4700CD11AFB098800E65085 /* PBXContainerItemProxy */ = {
			isa = PBXContainerItemProxy;
			containerPortal = E4700CB31AFB098800E65085 /* Project object */;
			proxyType = 1;
			remoteGlobalIDString = E4700CBA1AFB098800E65085;
			remoteInfo = UIXOverlayControllerSwift;
		};
/* End PBXContainerItemProxy section */

/* Begin PBXFileReference section */
		E4700CBB1AFB098800E65085 /* UIXOverlayControllerSwift.app */ = {isa = PBXFileReference; explicitFileType = wrapper.application; includeInIndex = 0; path = UIXOverlayControllerSwift.app; sourceTree = BUILT_PRODUCTS_DIR; };
		E4700CBF1AFB098800E65085 /* Info.plist */ = {isa = PBXFileReference; lastKnownFileType = text.plist.xml; path = Info.plist; sourceTree = "<group>"; };
		E4700CC01AFB098800E65085 /* AppDelegate.swift */ = {isa = PBXFileReference; lastKnownFileType = sourcecode.swift; path = AppDelegate.swift; sourceTree = "<group>"; };
		E4700CC21AFB098800E65085 /* ViewController.swift */ = {isa = PBXFileReference; lastKnownFileType = sourcecode.swift; path = ViewController.swift; sourceTree = "<group>"; };
		E4700CC51AFB098800E65085 /* Base */ = {isa = PBXFileReference; lastKnownFileType = file.storyboard; name = Base; path = Base.lproj/Main.storyboard; sourceTree = "<group>"; };
		E4700CC71AFB098800E65085 /* Images.xcassets */ = {isa = PBXFileReference; lastKnownFileType = folder.assetcatalog; path = Images.xcassets; sourceTree = "<group>"; };
		E4700CCA1AFB098800E65085 /* Base */ = {isa = PBXFileReference; lastKnownFileType = file.xib; name = Base; path = Base.lproj/LaunchScreen.xib; sourceTree = "<group>"; };
		E4700CD01AFB098800E65085 /* UIXOverlayControllerSwiftTests.xctest */ = {isa = PBXFileReference; explicitFileType = wrapper.cfbundle; includeInIndex = 0; path = UIXOverlayControllerSwiftTests.xctest; sourceTree = BUILT_PRODUCTS_DIR; };
		E4700CD51AFB098800E65085 /* Info.plist */ = {isa = PBXFileReference; lastKnownFileType = text.plist.xml; path = Info.plist; sourceTree = "<group>"; };
		E4700CD61AFB098800E65085 /* UIXOverlayControllerSwiftTests.swift */ = {isa = PBXFileReference; lastKnownFileType = sourcecode.swift; path = UIXOverlayControllerSwiftTests.swift; sourceTree = "<group>"; };
		E4700CE01AFB0AFB00E65085 /* UIXOverlayController.swift */ = {isa = PBXFileReference; fileEncoding = 4; lastKnownFileType = sourcecode.swift; path = UIXOverlayController.swift; sourceTree = "<group>"; };
		E4700D141AFBEEE800E65085 /* DialogContent.xib */ = {isa = PBXFileReference; fileEncoding = 4; lastKnownFileType = file.xib; path = DialogContent.xib; sourceTree = "<group>"; };
		E4700D161AFBEF5000E65085 /* DialogContentController.swift */ = {isa = PBXFileReference; fileEncoding = 4; lastKnownFileType = sourcecode.swift; path = DialogContentController.swift; sourceTree = "<group>"; };
/* End PBXFileReference section */

/* Begin PBXFrameworksBuildPhase section */
		E4700CB81AFB098800E65085 /* Frameworks */ = {
			isa = PBXFrameworksBuildPhase;
			buildActionMask = 2147483647;
			files = (
			);
			runOnlyForDeploymentPostprocessing = 0;
		};
		E4700CCD1AFB098800E65085 /* Frameworks */ = {
			isa = PBXFrameworksBuildPhase;
			buildActionMask = 2147483647;
			files = (
			);
			runOnlyForDeploymentPostprocessing = 0;
		};
/* End PBXFrameworksBuildPhase section */

/* Begin PBXGroup section */
		E4700CB21AFB098800E65085 = {
			isa = PBXGroup;
			children = (
				E4700CBD1AFB098800E65085 /* UIXOverlayControllerSwift */,
				E4700CD31AFB098800E65085 /* UIXOverlayControllerSwiftTests */,
				E4700CBC1AFB098800E65085 /* Products */,
			);
			sourceTree = "<group>";
		};
		E4700CBC1AFB098800E65085 /* Products */ = {
			isa = PBXGroup;
			children = (
				E4700CBB1AFB098800E65085 /* UIXOverlayControllerSwift.app */,
				E4700CD01AFB098800E65085 /* UIXOverlayControllerSwiftTests.xctest */,
			);
			name = Products;
			sourceTree = "<group>";
		};
		E4700CBD1AFB098800E65085 /* UIXOverlayControllerSwift */ = {
			isa = PBXGroup;
			children = (
				E4700CC01AFB098800E65085 /* AppDelegate.swift */,
				E4700CC21AFB098800E65085 /* ViewController.swift */,
				E4700CC41AFB098800E65085 /* Main.storyboard */,
				E4700CC71AFB098800E65085 /* Images.xcassets */,
				E4700CC91AFB098800E65085 /* LaunchScreen.xib */,
				E4700D141AFBEEE800E65085 /* DialogContent.xib */,
				E4700CBE1AFB098800E65085 /* Supporting Files */,
				E4700CE01AFB0AFB00E65085 /* UIXOverlayController.swift */,
				E4700D161AFBEF5000E65085 /* DialogContentController.swift */,
			);
			path = UIXOverlayControllerSwift;
			sourceTree = "<group>";
		};
		E4700CBE1AFB098800E65085 /* Supporting Files */ = {
			isa = PBXGroup;
			children = (
				E4700CBF1AFB098800E65085 /* Info.plist */,
			);
			name = "Supporting Files";
			sourceTree = "<group>";
		};
		E4700CD31AFB098800E65085 /* UIXOverlayControllerSwiftTests */ = {
			isa = PBXGroup;
			children = (
				E4700CD61AFB098800E65085 /* UIXOverlayControllerSwiftTests.swift */,
				E4700CD41AFB098800E65085 /* Supporting Files */,
			);
			path = UIXOverlayControllerSwiftTests;
			sourceTree = "<group>";
		};
		E4700CD41AFB098800E65085 /* Supporting Files */ = {
			isa = PBXGroup;
			children = (
				E4700CD51AFB098800E65085 /* Info.plist */,
			);
			name = "Supporting Files";
			sourceTree = "<group>";
		};
/* End PBXGroup section */

/* Begin PBXNativeTarget section */
		E4700CBA1AFB098800E65085 /* UIXOverlayControllerSwift */ = {
			isa = PBXNativeTarget;
			buildConfigurationList = E4700CDA1AFB098800E65085 /* Build configuration list for PBXNativeTarget "UIXOverlayControllerSwift" */;
			buildPhases = (
				E4700CB71AFB098800E65085 /* Sources */,
				E4700CB81AFB098800E65085 /* Frameworks */,
				E4700CB91AFB098800E65085 /* Resources */,
			);
			buildRules = (
			);
			dependencies = (
			);
			name = UIXOverlayControllerSwift;
			productName = UIXOverlayControllerSwift;
			productReference = E4700CBB1AFB098800E65085 /* UIXOverlayControllerSwift.app */;
			productType = "com.apple.product-type.application";
		};
		E4700CCF1AFB098800E65085 /* UIXOverlayControllerSwiftTests */ = {
			isa = PBXNativeTarget;
			buildConfigurationList = E4700CDD1AFB098800E65085 /* Build configuration list for PBXNativeTarget "UIXOverlayControllerSwiftTests" */;
			buildPhases = (
				E4700CCC1AFB098800E65085 /* Sources */,
				E4700CCD1AFB098800E65085 /* Frameworks */,
				E4700CCE1AFB098800E65085 /* Resources */,
			);
			buildRules = (
			);
			dependencies = (
				E4700CD21AFB098800E65085 /* PBXTargetDependency */,
			);
			name = UIXOverlayControllerSwiftTests;
			productName = UIXOverlayControllerSwiftTests;
			productReference = E4700CD01AFB098800E65085 /* UIXOverlayControllerSwiftTests.xctest */;
			productType = "com.apple.product-type.bundle.unit-test";
		};
/* End PBXNativeTarget section */

/* Begin PBXProject section */
		E4700CB31AFB098800E65085 /* Project object */ = {
			isa = PBXProject;
			attributes = {
				LastUpgradeCheck = 0630;
				ORGANIZATIONNAME = "Umbright Consulting, Inc.";
				TargetAttributes = {
					E4700CBA1AFB098800E65085 = {
						CreatedOnToolsVersion = 6.3.1;
					};
					E4700CCF1AFB098800E65085 = {
						CreatedOnToolsVersion = 6.3.1;
						TestTargetID = E4700CBA1AFB098800E65085;
					};
				};
			};
			buildConfigurationList = E4700CB61AFB098800E65085 /* Build configuration list for PBXProject "UIXOverlayControllerSwift" */;
			compatibilityVersion = "Xcode 3.2";
			developmentRegion = English;
			hasScannedForEncodings = 0;
			knownRegions = (
				en,
				Base,
			);
			mainGroup = E4700CB21AFB098800E65085;
			productRefGroup = E4700CBC1AFB098800E65085 /* Products */;
			projectDirPath = "";
			projectRoot = "";
			targets = (
				E4700CBA1AFB098800E65085 /* UIXOverlayControllerSwift */,
				E4700CCF1AFB098800E65085 /* UIXOverlayControllerSwiftTests */,
			);
		};
/* End PBXProject section */

/* Begin PBXResourcesBuildPhase section */
		E4700CB91AFB098800E65085 /* Resources */ = {
			isa = PBXResourcesBuildPhase;
			buildActionMask = 2147483647;
			files = (
				E4700CC61AFB098800E65085 /* Main.storyboard in Resources */,
				E4700D151AFBEEE800E65085 /* DialogContent.xib in Resources */,
				E4700CCB1AFB098800E65085 /* LaunchScreen.xib in Resources */,
				E4700CC81AFB098800E65085 /* Images.xcassets in Resources */,
			);
			runOnlyForDeploymentPostprocessing = 0;
		};
		E4700CCE1AFB098800E65085 /* Resources */ = {
			isa = PBXResourcesBuildPhase;
			buildActionMask = 2147483647;
			files = (
			);
			runOnlyForDeploymentPostprocessing = 0;
		};
/* End PBXResourcesBuildPhase section */

/* Begin PBXSourcesBuildPhase section */
		E4700CB71AFB098800E65085 /* Sources */ = {
			isa = PBXSourcesBuildPhase;
			buildActionMask = 2147483647;
			files = (
				E4700CC31AFB098800E65085 /* ViewController.swift in Sources */,
				E4700CC11AFB098800E65085 /* AppDelegate.swift in Sources */,
				E4700CE11AFB0AFB00E65085 /* UIXOverlayController.swift in Sources */,
				E4700D171AFBEF5000E65085 /* DialogContentController.swift in Sources */,
			);
			runOnlyForDeploymentPostprocessing = 0;
		};
		E4700CCC1AFB098800E65085 /* Sources */ = {
			isa = PBXSourcesBuildPhase;
			buildActionMask = 2147483647;
			files = (
				E4700CD71AFB098800E65085 /* UIXOverlayControllerSwiftTests.swift in Sources */,
			);
			runOnlyForDeploymentPostprocessing = 0;
		};
/* End PBXSourcesBuildPhase section */

/* Begin PBXTargetDependency section */
		E4700CD21AFB098800E65085 /* PBXTargetDependency */ = {
			isa = PBXTargetDependency;
			target = E4700CBA1AFB098800E65085 /* UIXOverlayControllerSwift */;
			targetProxy = E4700CD11AFB098800E65085 /* PBXContainerItemProxy */;
		};
/* End PBXTargetDependency section */

/* Begin PBXVariantGroup section */
		E4700CC41AFB098800E65085 /* Main.storyboard */ = {
			isa = PBXVariantGroup;
			children = (
				E4700CC51AFB098800E65085 /* Base */,
			);
			name = Main.storyboard;
			sourceTree = "<group>";
		};
		E4700CC91AFB098800E65085 /* LaunchScreen.xib */ = {
			isa = PBXVariantGroup;
			children = (
				E4700CCA1AFB098800E65085 /* Base */,
			);
			name = LaunchScreen.xib;
			sourceTree = "<group>";
		};
/* End PBXVariantGroup section */

/* Begin XCBuildConfiguration section */
		E4700CD81AFB098800E65085 /* Debug */ = {
			isa = XCBuildConfiguration;
			buildSettings = {
				ALWAYS_SEARCH_USER_PATHS = NO;
				CLANG_CXX_LANGUAGE_STANDARD = "gnu++0x";
				CLANG_CXX_LIBRARY = "libc++";
				CLANG_ENABLE_MODULES = YES;
				CLANG_ENABLE_OBJC_ARC = YES;
				CLANG_WARN_BOOL_CONVERSION = YES;
				CLANG_WARN_CONSTANT_CONVERSION = YES;
				CLANG_WARN_DIRECT_OBJC_ISA_USAGE = YES_ERROR;
				CLANG_WARN_EMPTY_BODY = YES;
				CLANG_WARN_ENUM_CONVERSION = YES;
				CLANG_WARN_INT_CONVERSION = YES;
				CLANG_WARN_OBJC_ROOT_CLASS = YES_ERROR;
				CLANG_WARN_UNREACHABLE_CODE = YES;
				CLANG_WARN__DUPLICATE_METHOD_MATCH = YES;
				"CODE_SIGN_IDENTITY[sdk=iphoneos*]" = "iPhone Developer";
				COPY_PHASE_STRIP = NO;
				DEBUG_INFORMATION_FORMAT = "dwarf-with-dsym";
				ENABLE_STRICT_OBJC_MSGSEND = YES;
				GCC_C_LANGUAGE_STANDARD = gnu99;
				GCC_DYNAMIC_NO_PIC = NO;
				GCC_NO_COMMON_BLOCKS = YES;
				GCC_OPTIMIZATION_LEVEL = 0;
				GCC_PREPROCESSOR_DEFINITIONS = (
					"DEBUG=1",
					"$(inherited)",
				);
				GCC_SYMBOLS_PRIVATE_EXTERN = NO;
				GCC_WARN_64_TO_32_BIT_CONVERSION = YES;
				GCC_WARN_ABOUT_RETURN_TYPE = YES_ERROR;
				GCC_WARN_UNDECLARED_SELECTOR = YES;
				GCC_WARN_UNINITIALIZED_AUTOS = YES_AGGRESSIVE;
				GCC_WARN_UNUSED_FUNCTION = YES;
				GCC_WARN_UNUSED_VARIABLE = YES;
				IPHONEOS_DEPLOYMENT_TARGET = 8.3;
				MTL_ENABLE_DEBUG_INFO = YES;
				ONLY_ACTIVE_ARCH = YES;
				SDKROOT = iphoneos;
				SWIFT_OPTIMIZATION_LEVEL = "-Onone";
				TARGETED_DEVICE_FAMILY = "1,2";
			};
			name = Debug;
		};
		E4700CD91AFB098800E65085 /* Release */ = {
			isa = XCBuildConfiguration;
			buildSettings = {
				ALWAYS_SEARCH_USER_PATHS = NO;
				CLANG_CXX_LANGUAGE_STANDARD = "gnu++0x";
				CLANG_CXX_LIBRARY = "libc++";
				CLANG_ENABLE_MODULES = YES;
				CLANG_ENABLE_OBJC_ARC = YES;
				CLANG_WARN_BOOL_CONVERSION = YES;
				CLANG_WARN_CONSTANT_CONVERSION = YES;
				CLANG_WARN_DIRECT_OBJC_ISA_USAGE = YES_ERROR;
				CLANG_WARN_EMPTY_BODY = YES;
				CLANG_WARN_ENUM_CONVERSION = YES;
				CLANG_WARN_INT_CONVERSION = YES;
				CLANG_WARN_OBJC_ROOT_CLASS = YES_ERROR;
				CLANG_WARN_UNREACHABLE_CODE = YES;
				CLANG_WARN__DUPLICATE_METHOD_MATCH = YES;
				"CODE_SIGN_IDENTITY[sdk=iphoneos*]" = "iPhone Developer";
				COPY_PHASE_STRIP = NO;
				DEBUG_INFORMATION_FORMAT = "dwarf-with-dsym";
				ENABLE_NS_ASSERTIONS = NO;
				ENABLE_STRICT_OBJC_MSGSEND = YES;
				GCC_C_LANGUAGE_STANDARD = gnu99;
				GCC_NO_COMMON_BLOCKS = YES;
				GCC_WARN_64_TO_32_BIT_CONVERSION = YES;
				GCC_WARN_ABOUT_RETURN_TYPE = YES_ERROR;
				GCC_WARN_UNDECLARED_SELECTOR = YES;
				GCC_WARN_UNINITIALIZED_AUTOS = YES_AGGRESSIVE;
				GCC_WARN_UNUSED_FUNCTION = YES;
				GCC_WARN_UNUSED_VARIABLE = YES;
				IPHONEOS_DEPLOYMENT_TARGET = 8.3;
				MTL_ENABLE_DEBUG_INFO = NO;
				SDKROOT = iphoneos;
				TARGETED_DEVICE_FAMILY = "1,2";
				VALIDATE_PRODUCT = YES;
			};
			name = Release;
		};
		E4700CDB1AFB098800E65085 /* Debug */ = {
			isa = XCBuildConfiguration;
			buildSettings = {
				ASSETCATALOG_COMPILER_APPICON_NAME = AppIcon;
				INFOPLIST_FILE = UIXOverlayControllerSwift/Info.plist;
				LD_RUNPATH_SEARCH_PATHS = "$(inherited) @executable_path/Frameworks";
				PRODUCT_NAME = "$(TARGET_NAME)";
			};
			name = Debug;
		};
		E4700CDC1AFB098800E65085 /* Release */ = {
			isa = XCBuildConfiguration;
			buildSettings = {
				ASSETCATALOG_COMPILER_APPICON_NAME = AppIcon;
				INFOPLIST_FILE = UIXOverlayControllerSwift/Info.plist;
				LD_RUNPATH_SEARCH_PATHS = "$(inherited) @executable_path/Frameworks";
				PRODUCT_NAME = "$(TARGET_NAME)";
			};
			name = Release;
		};
		E4700CDE1AFB098800E65085 /* Debug */ = {
			isa = XCBuildConfiguration;
			buildSettings = {
				BUNDLE_LOADER = "$(TEST_HOST)";
				FRAMEWORK_SEARCH_PATHS = (
					"$(SDKROOT)/Developer/Library/Frameworks",
					"$(inherited)",
				);
				GCC_PREPROCESSOR_DEFINITIONS = (
					"DEBUG=1",
					"$(inherited)",
				);
				INFOPLIST_FILE = UIXOverlayControllerSwiftTests/Info.plist;
				LD_RUNPATH_SEARCH_PATHS = "$(inherited) @executable_path/Frameworks @loader_path/Frameworks";
				PRODUCT_NAME = "$(TARGET_NAME)";
				TEST_HOST = "$(BUILT_PRODUCTS_DIR)/UIXOverlayControllerSwift.app/UIXOverlayControllerSwift";
			};
			name = Debug;
		};
		E4700CDF1AFB098800E65085 /* Release */ = {
			isa = XCBuildConfiguration;
			buildSettings = {
				BUNDLE_LOADER = "$(TEST_HOST)";
				FRAMEWORK_SEARCH_PATHS = (
					"$(SDKROOT)/Developer/Library/Frameworks",
					"$(inherited)",
				);
				INFOPLIST_FILE = UIXOverlayControllerSwiftTests/Info.plist;
				LD_RUNPATH_SEARCH_PATHS = "$(inherited) @executable_path/Frameworks @loader_path/Frameworks";
				PRODUCT_NAME = "$(TARGET_NAME)";
				TEST_HOST = "$(BUILT_PRODUCTS_DIR)/UIXOverlayControllerSwift.app/UIXOverlayControllerSwift";
			};
			name = Release;
		};
/* End XCBuildConfiguration section */

/* Begin XCConfigurationList section */
		E4700CB61AFB098800E65085 /* Build configuration list for PBXProject "UIXOverlayControllerSwift" */ = {
			isa = XCConfigurationList;
			buildConfigurations = (
				E4700CD81AFB098800E65085 /* Debug */,
				E4700CD91AFB098800E65085 /* Release */,
			);
			defaultConfigurationIsVisible = 0;
			defaultConfigurationName = Release;
		};
		E4700CDA1AFB098800E65085 /* Build configuration list for PBXNativeTarget "UIXOverlayControllerSwift" */ = {
			isa = XCConfigurationList;
			buildConfigurations = (
				E4700CDB1AFB098800E65085 /* Debug */,
				E4700CDC1AFB098800E65085 /* Release */,
			);
			defaultConfigurationIsVisible = 0;
		};
		E4700CDD1AFB098800E65085 /* Build configuration list for PBXNativeTarget "UIXOverlayControllerSwiftTests" */ = {
			isa = XCConfigurationList;
			buildConfigurations = (
				E4700CDE1AFB098800E65085 /* Debug */,
				E4700CDF1AFB098800E65085 /* Release */,
			);
			defaultConfigurationIsVisible = 0;
		};
/* End XCConfigurationList section */
	};
	rootObject = E4700CB31AFB098800E65085 /* Project object */;
}
